
Microsoft Visual Studio Solution File, Format Version 12.00
# Visual Studio 15
VisualStudioVersion = 15.0.27703.2035
MinimumVisualStudioVersion = 10.0.40219.1
Project("{2150E333-8FDC-42A3-9474-1A3956D46DE8}") = "Core", "Core", "{45A1CB26-5B32-4E96-B412-B5CE56233743}"
EndProject
Project("{2150E333-8FDC-42A3-9474-1A3956D46DE8}") = "Common", "Common", "{B4BD3875-D99B-424C-BBA5-67CB255B4C82}"
EndProject
Project("{2150E333-8FDC-42A3-9474-1A3956D46DE8}") = "Core", "Core", "{1D21ADF3-7049-4441-B2AC-FAC30FC5AD9C}"
EndProject
Project("{2150E333-8FDC-42A3-9474-1A3956D46DE8}") = "Helper", "Helper", "{1656BB1B-0744-4253-840E-2D69D3E69E94}"
EndProject
Project("{2150E333-8FDC-42A3-9474-1A3956D46DE8}") = "Util", "Util", "{161F6CA9-1673-4B5A-93BC-687B5F7935A0}"
EndProject
Project("{FAE04EC0-301F-11D3-BF4B-00C04F79EFBC}") = "HelperCoreLibrary", "Core\CoreHelper\HelperCoreLibrary.csproj", "{BC690261-7C29-4F58-A962-7BAF8A3C5414}"
EndProject
Project("{9A19103F-16F7-4668-BE54-9A1E7A4F7556}") = "CoreCommon", "Core\Core\CoreCommon\CoreCommon.csproj", "{C5B00734-ACCB-4CC6-B125-AE01DC8BD133}"
EndProject
Project("{9A19103F-16F7-4668-BE54-9A1E7A4F7556}") = "DBContextEF", "Core\Common\DBContextEF\DBContextEF.csproj", "{64A37338-B3D3-4F81-B243-FBD072D97034}"
EndProject
Project("{9A19103F-16F7-4668-BE54-9A1E7A4F7556}") = "DBContextEntity", "Core\Common\DBContextEntity\DBContextEntity.csproj", "{E386664A-6D28-4386-82C0-E3C91BDAD526}"
EndProject
Project("{9A19103F-16F7-4668-BE54-9A1E7A4F7556}") = "startup", "startup\startup.csproj", "{097F73A9-F458-4126-A0C0-96EF0FC43D69}"
EndProject
Project("{2150E333-8FDC-42A3-9474-1A3956D46DE8}") = "Domain", "Domain", "{759C81D3-0C2A-4675-A4FE-6FF06832ACEB}"
EndProject
Project("{9A19103F-16F7-4668-BE54-9A1E7A4F7556}") = "IStandard.Examples", "Domain\IStandard.Examples\IStandard.Examples.csproj", "{2829A07A-D28A-4273-A0C8-DAF6A6F768DF}"
EndProject
Project("{9A19103F-16F7-4668-BE54-9A1E7A4F7556}") = "Standard.Examples", "Domain\Standard.Examples\Standard.Examples.csproj", "{6C7FDC1E-D8A1-4781-9256-F817396E97BC}"
EndProject
Project("{9A19103F-16F7-4668-BE54-9A1E7A4F7556}") = "01-Util", "Core\Util\Util\01-Util.csproj", "{D1CF05E5-4DF3-49E0-A1BF-162881ADF432}"
EndProject
Project("{9A19103F-16F7-4668-BE54-9A1E7A4F7556}") = "06-Util.Applications", "Core\Util\Util.Applications\06-Util.Applications.csproj", "{B976B7DB-86DC-4B36-8A61-AD3FBCA74CAD}"
EndProject
Project("{9A19103F-16F7-4668-BE54-9A1E7A4F7556}") = "01-Util.Biz", "Core\Util\Util.Biz\01-Util.Biz.csproj", "{4D0514ED-3D66-4ADE-AF90-ED8D3DCA810F}"
EndProject
Project("{9A19103F-16F7-4668-BE54-9A1E7A4F7556}") = "02-Util.Biz.Payments", "Core\Util\Util.Biz.Payments\02-Util.Biz.Payments.csproj", "{A9434447-3EFA-4727-8B2A-E5F9FC40F70C}"
EndProject
Project("{9A19103F-16F7-4668-BE54-9A1E7A4F7556}") = "05-Util.Datas", "Core\Util\Util.Datas\05-Util.Datas.csproj", "{21D1CCD5-0069-49C1-AD5D-E85EF9824C2A}"
EndProject
Project("{9A19103F-16F7-4668-BE54-9A1E7A4F7556}") = "04-Util.Events", "Core\Util\Util.Events\04-Util.Events.csproj", "{3685CF1C-E8EF-4E8D-AE3F-E8F7F39B2B24}"
EndProject
Project("{9A19103F-16F7-4668-BE54-9A1E7A4F7556}") = "03-Util.Logs", "Core\Util\Util.Logs\03-Util.Logs.csproj", "{B7F93DB2-E3AF-411D-9513-C3EB43A4C297}"
EndProject
Project("{9A19103F-16F7-4668-BE54-9A1E7A4F7556}") = "02-Util.Security", "Core\Util\Util.Security\02-Util.Security.csproj", "{BC3102FB-24D2-4AD2-A089-5AD7D06DAF2E}"
EndProject
Project("{9A19103F-16F7-4668-BE54-9A1E7A4F7556}") = "01-Util.Tools.QrCode", "Core\Util\Util.Tools.QrCode\01-Util.Tools.QrCode.csproj", "{7DA3E815-FD07-4ED1-827D-15AA440EC6FC}"
EndProject
Project("{9A19103F-16F7-4668-BE54-9A1E7A4F7556}") = "02-Util.Tools.Sms", "Core\Util\Util.Tools.Sms\02-Util.Tools.Sms.csproj", "{A5816850-318C-4DE5-9395-F1C3D97FFC30}"
EndProject
Project("{9A19103F-16F7-4668-BE54-9A1E7A4F7556}") = "07-Util.Webs", "Core\Util\Util.Webs\07-Util.Webs.csproj", "{1027C92D-515C-4645-A930-0F6F31E3C073}"
EndProject
Global
	GlobalSection(SolutionConfigurationPlatforms) = preSolution
		Debug|Any CPU = Debug|Any CPU
		Release|Any CPU = Release|Any CPU
	EndGlobalSection
	GlobalSection(ProjectConfigurationPlatforms) = postSolution
		{BC690261-7C29-4F58-A962-7BAF8A3C5414}.Debug|Any CPU.ActiveCfg = Debug|Any CPU
		{BC690261-7C29-4F58-A962-7BAF8A3C5414}.Debug|Any CPU.Build.0 = Debug|Any CPU
		{BC690261-7C29-4F58-A962-7BAF8A3C5414}.Release|Any CPU.ActiveCfg = Release|Any CPU
		{BC690261-7C29-4F58-A962-7BAF8A3C5414}.Release|Any CPU.Build.0 = Release|Any CPU
		{C5B00734-ACCB-4CC6-B125-AE01DC8BD133}.Debug|Any CPU.ActiveCfg = Debug|Any CPU
		{C5B00734-ACCB-4CC6-B125-AE01DC8BD133}.Debug|Any CPU.Build.0 = Debug|Any CPU
		{C5B00734-ACCB-4CC6-B125-AE01DC8BD133}.Release|Any CPU.ActiveCfg = Release|Any CPU
		{C5B00734-ACCB-4CC6-B125-AE01DC8BD133}.Release|Any CPU.Build.0 = Release|Any CPU
		{64A37338-B3D3-4F81-B243-FBD072D97034}.Debug|Any CPU.ActiveCfg = Debug|Any CPU
		{64A37338-B3D3-4F81-B243-FBD072D97034}.Debug|Any CPU.Build.0 = Debug|Any CPU
		{64A37338-B3D3-4F81-B243-FBD072D97034}.Release|Any CPU.ActiveCfg = Release|Any CPU
		{64A37338-B3D3-4F81-B243-FBD072D97034}.Release|Any CPU.Build.0 = Release|Any CPU
		{E386664A-6D28-4386-82C0-E3C91BDAD526}.Debug|Any CPU.ActiveCfg = Debug|Any CPU
		{E386664A-6D28-4386-82C0-E3C91BDAD526}.Debug|Any CPU.Build.0 = Debug|Any CPU
		{E386664A-6D28-4386-82C0-E3C91BDAD526}.Release|Any CPU.ActiveCfg = Release|Any CPU
		{E386664A-6D28-4386-82C0-E3C91BDAD526}.Release|Any CPU.Build.0 = Release|Any CPU
		{097F73A9-F458-4126-A0C0-96EF0FC43D69}.Debug|Any CPU.ActiveCfg = Debug|Any CPU
		{097F73A9-F458-4126-A0C0-96EF0FC43D69}.Debug|Any CPU.Build.0 = Debug|Any CPU
		{097F73A9-F458-4126-A0C0-96EF0FC43D69}.Release|Any CPU.ActiveCfg = Release|Any CPU
		{097F73A9-F458-4126-A0C0-96EF0FC43D69}.Release|Any CPU.Build.0 = Release|Any CPU
		{2829A07A-D28A-4273-A0C8-DAF6A6F768DF}.Debug|Any CPU.ActiveCfg = Debug|Any CPU
		{2829A07A-D28A-4273-A0C8-DAF6A6F768DF}.Debug|Any CPU.Build.0 = Debug|Any CPU
		{2829A07A-D28A-4273-A0C8-DAF6A6F768DF}.Release|Any CPU.ActiveCfg = Release|Any CPU
		{2829A07A-D28A-4273-A0C8-DAF6A6F768DF}.Release|Any CPU.Build.0 = Release|Any CPU
		{6C7FDC1E-D8A1-4781-9256-F817396E97BC}.Debug|Any CPU.ActiveCfg = Debug|Any CPU
		{6C7FDC1E-D8A1-4781-9256-F817396E97BC}.Debug|Any CPU.Build.0 = Debug|Any CPU
		{6C7FDC1E-D8A1-4781-9256-F817396E97BC}.Release|Any CPU.ActiveCfg = Release|Any CPU
		{6C7FDC1E-D8A1-4781-9256-F817396E97BC}.Release|Any CPU.Build.0 = Release|Any CPU
		{D1CF05E5-4DF3-49E0-A1BF-162881ADF432}.Debug|Any CPU.ActiveCfg = Debug|Any CPU
		{D1CF05E5-4DF3-49E0-A1BF-162881ADF432}.Debug|Any CPU.Build.0 = Debug|Any CPU
		{D1CF05E5-4DF3-49E0-A1BF-162881ADF432}.Release|Any CPU.ActiveCfg = Release|Any CPU
		{D1CF05E5-4DF3-49E0-A1BF-162881ADF432}.Release|Any CPU.Build.0 = Release|Any CPU
		{B976B7DB-86DC-4B36-8A61-AD3FBCA74CAD}.Debug|Any CPU.ActiveCfg = Debug|Any CPU
		{B976B7DB-86DC-4B36-8A61-AD3FBCA74CAD}.Debug|Any CPU.Build.0 = Debug|Any CPU
		{B976B7DB-86DC-4B36-8A61-AD3FBCA74CAD}.Release|Any CPU.ActiveCfg = Release|Any CPU
		{B976B7DB-86DC-4B36-8A61-AD3FBCA74CAD}.Release|Any CPU.Build.0 = Release|Any CPU
		{4D0514ED-3D66-4ADE-AF90-ED8D3DCA810F}.Debug|Any CPU.ActiveCfg = Debug|Any CPU
		{4D0514ED-3D66-4ADE-AF90-ED8D3DCA810F}.Debug|Any CPU.Build.0 = Debug|Any CPU
		{4D0514ED-3D66-4ADE-AF90-ED8D3DCA810F}.Release|Any CPU.ActiveCfg = Release|Any CPU
		{4D0514ED-3D66-4ADE-AF90-ED8D3DCA810F}.Release|Any CPU.Build.0 = Release|Any CPU
		{A9434447-3EFA-4727-8B2A-E5F9FC40F70C}.Debug|Any CPU.ActiveCfg = Debug|Any CPU
		{A9434447-3EFA-4727-8B2A-E5F9FC40F70C}.Debug|Any CPU.Build.0 = Debug|Any CPU
		{A9434447-3EFA-4727-8B2A-E5F9FC40F70C}.Release|Any CPU.ActiveCfg = Release|Any CPU
		{A9434447-3EFA-4727-8B2A-E5F9FC40F70C}.Release|Any CPU.Build.0 = Release|Any CPU
		{21D1CCD5-0069-49C1-AD5D-E85EF9824C2A}.Debug|Any CPU.ActiveCfg = Debug|Any CPU
		{21D1CCD5-0069-49C1-AD5D-E85EF9824C2A}.Debug|Any CPU.Build.0 = Debug|Any CPU
		{21D1CCD5-0069-49C1-AD5D-E85EF9824C2A}.Release|Any CPU.ActiveCfg = Release|Any CPU
		{21D1CCD5-0069-49C1-AD5D-E85EF9824C2A}.Release|Any CPU.Build.0 = Release|Any CPU
		{3685CF1C-E8EF-4E8D-AE3F-E8F7F39B2B24}.Debug|Any CPU.ActiveCfg = Debug|Any CPU
		{3685CF1C-E8EF-4E8D-AE3F-E8F7F39B2B24}.Debug|Any CPU.Build.0 = Debug|Any CPU
		{3685CF1C-E8EF-4E8D-AE3F-E8F7F39B2B24}.Release|Any CPU.ActiveCfg = Release|Any CPU
		{3685CF1C-E8EF-4E8D-AE3F-E8F7F39B2B24}.Release|Any CPU.Build.0 = Release|Any CPU
		{B7F93DB2-E3AF-411D-9513-C3EB43A4C297}.Debug|Any CPU.ActiveCfg = Debug|Any CPU
		{B7F93DB2-E3AF-411D-9513-C3EB43A4C297}.Debug|Any CPU.Build.0 = Debug|Any CPU
		{B7F93DB2-E3AF-411D-9513-C3EB43A4C297}.Release|Any CPU.ActiveCfg = Release|Any CPU
		{B7F93DB2-E3AF-411D-9513-C3EB43A4C297}.Release|Any CPU.Build.0 = Release|Any CPU
		{BC3102FB-24D2-4AD2-A089-5AD7D06DAF2E}.Debug|Any CPU.ActiveCfg = Debug|Any CPU
		{BC3102FB-24D2-4AD2-A089-5AD7D06DAF2E}.Debug|Any CPU.Build.0 = Debug|Any CPU
		{BC3102FB-24D2-4AD2-A089-5AD7D06DAF2E}.Release|Any CPU.ActiveCfg = Release|Any CPU
		{BC3102FB-24D2-4AD2-A089-5AD7D06DAF2E}.Release|Any CPU.Build.0 = Release|Any CPU
		{7DA3E815-FD07-4ED1-827D-15AA440EC6FC}.Debug|Any CPU.ActiveCfg = Debug|Any CPU
		{7DA3E815-FD07-4ED1-827D-15AA440EC6FC}.Debug|Any CPU.Build.0 = Debug|Any CPU
		{7DA3E815-FD07-4ED1-827D-15AA440EC6FC}.Release|Any CPU.ActiveCfg = Release|Any CPU
		{7DA3E815-FD07-4ED1-827D-15AA440EC6FC}.Release|Any CPU.Build.0 = Release|Any CPU
		{A5816850-318C-4DE5-9395-F1C3D97FFC30}.Debug|Any CPU.ActiveCfg = Debug|Any CPU
		{A5816850-318C-4DE5-9395-F1C3D97FFC30}.Debug|Any CPU.Build.0 = Debug|Any CPU
		{A5816850-318C-4DE5-9395-F1C3D97FFC30}.Release|Any CPU.ActiveCfg = Release|Any CPU
		{A5816850-318C-4DE5-9395-F1C3D97FFC30}.Release|Any CPU.Build.0 = Release|Any CPU
		{1027C92D-515C-4645-A930-0F6F31E3C073}.Debug|Any CPU.ActiveCfg = Debug|Any CPU
		{1027C92D-515C-4645-A930-0F6F31E3C073}.Debug|Any CPU.Build.0 = Debug|Any CPU
		{1027C92D-515C-4645-A930-0F6F31E3C073}.Release|Any CPU.ActiveCfg = Release|Any CPU
		{1027C92D-515C-4645-A930-0F6F31E3C073}.Release|Any CPU.Build.0 = Release|Any CPU
	EndGlobalSection
	GlobalSection(SolutionProperties) = preSolution
		HideSolutionNode = FALSE
	EndGlobalSection
	GlobalSection(NestedProjects) = preSolution
		{B4BD3875-D99B-424C-BBA5-67CB255B4C82} = {45A1CB26-5B32-4E96-B412-B5CE56233743}
		{1D21ADF3-7049-4441-B2AC-FAC30FC5AD9C} = {45A1CB26-5B32-4E96-B412-B5CE56233743}
		{1656BB1B-0744-4253-840E-2D69D3E69E94} = {45A1CB26-5B32-4E96-B412-B5CE56233743}
		{161F6CA9-1673-4B5A-93BC-687B5F7935A0} = {45A1CB26-5B32-4E96-B412-B5CE56233743}
		{BC690261-7C29-4F58-A962-7BAF8A3C5414} = {1656BB1B-0744-4253-840E-2D69D3E69E94}
		{C5B00734-ACCB-4CC6-B125-AE01DC8BD133} = {1D21ADF3-7049-4441-B2AC-FAC30FC5AD9C}
		{64A37338-B3D3-4F81-B243-FBD072D97034} = {B4BD3875-D99B-424C-BBA5-67CB255B4C82}
		{E386664A-6D28-4386-82C0-E3C91BDAD526} = {B4BD3875-D99B-424C-BBA5-67CB255B4C82}
		{2829A07A-D28A-4273-A0C8-DAF6A6F768DF} = {759C81D3-0C2A-4675-A4FE-6FF06832ACEB}
		{6C7FDC1E-D8A1-4781-9256-F817396E97BC} = {759C81D3-0C2A-4675-A4FE-6FF06832ACEB}
		{D1CF05E5-4DF3-49E0-A1BF-162881ADF432} = {161F6CA9-1673-4B5A-93BC-687B5F7935A0}
		{B976B7DB-86DC-4B36-8A61-AD3FBCA74CAD} = {161F6CA9-1673-4B5A-93BC-687B5F7935A0}
		{4D0514ED-3D66-4ADE-AF90-ED8D3DCA810F} = {161F6CA9-1673-4B5A-93BC-687B5F7935A0}
		{A9434447-3EFA-4727-8B2A-E5F9FC40F70C} = {161F6CA9-1673-4B5A-93BC-687B5F7935A0}
		{21D1CCD5-0069-49C1-AD5D-E85EF9824C2A} = {161F6CA9-1673-4B5A-93BC-687B5F7935A0}
		{3685CF1C-E8EF-4E8D-AE3F-E8F7F39B2B24} = {161F6CA9-1673-4B5A-93BC-687B5F7935A0}
		{B7F93DB2-E3AF-411D-9513-C3EB43A4C297} = {161F6CA9-1673-4B5A-93BC-687B5F7935A0}
		{BC3102FB-24D2-4AD2-A089-5AD7D06DAF2E} = {161F6CA9-1673-4B5A-93BC-687B5F7935A0}
		{7DA3E815-FD07-4ED1-827D-15AA440EC6FC} = {161F6CA9-1673-4B5A-93BC-687B5F7935A0}
		{A5816850-318C-4DE5-9395-F1C3D97FFC30} = {161F6CA9-1673-4B5A-93BC-687B5F7935A0}
		{1027C92D-515C-4645-A930-0F6F31E3C073} = {161F6CA9-1673-4B5A-93BC-687B5F7935A0}
	EndGlobalSection
	GlobalSection(ExtensibilityGlobals) = postSolution
		SolutionGuid = {092AAA64-58EB-4E1D-AEA7-883E3AC8949E}
	EndGlobalSection
EndGlobal
